{
  "meteor": {},
  "dependencies": {
    "basePackages": {
      "fast-render": {
        "git": "git://github.com/arunoda/meteor-fast-render.git",
        "branch": "master"
      },
      "iron-router": {}
    },
    "packages": {
      "fast-render": {
        "git": "git://github.com/arunoda/meteor-fast-render.git",
        "branch": "master",
        "commit": "baf79a3e5863acc3abfe2d0d62fb23b21fe880de"
      },
      "iron-router": {
        "git": "https://github.com/EventedMind/iron-router.git",
        "tag": "v0.6.4",
        "commit": "927bbaed1b87894fb6fb70807f74ff3a5bd89f29"
      }
    }
  }
}
